schema: '2.0'
stages:
  train:
    cmd: pdm run python src/MECH_M_DUAL_2_MLB_DATA/train_5.3.py
    deps:
    - path: data
      hash: md5
      md5: a7742d138be736b7db067377ea918bd5.dir
      size: 452479
      nfiles: 2052
    - path: params.yaml
      hash: md5
      md5: 6b3e5c7b1a8d6b7e8c2864ef5a055ac5
      size: 1007
    - path: src/MECH_M_DUAL_2_MLB_DATA
      hash: md5
      md5: 2c1c2922c7b1ecd5e515b9df003acd23.dir
      size: 53222
      nfiles: 28
    outs:
    - path: dvclive
      hash: md5
      md5: d12d0524e11cf9238f3358e14e7a2739.dir
      size: 26751174
      nfiles: 4
