schema: '2.0'
stages:
  train:
    cmd: pdm run python src/MECH_M_DUAL_2_MLB_DATA/train_5.3.py
    deps:
    - path: data
      hash: md5
      md5: 5987e80830fc2caf6d475da3deca1dfe.dir
      size: 111165
      nfiles: 2
    - path: params.yaml
      hash: md5
      md5: 09bdcb1e7d5d8c863f1b05fdc19b26d2
      size: 867
    - path: src/MECH_M_DUAL_2_MLB_DATA
      hash: md5
      md5: 756639226c143b230e086c1cad21c822.dir
      size: 38803
      nfiles: 17
    outs:
    - path: dvclive
      hash: md5
      md5: 8c816a3a27e019f6fd375bdd0af2a220.dir
      size: 53210051
      nfiles: 4
